
Microsoft Visual Studio Solution File, Format Version 12.00
# Visual Studio 2012
Project("{FAE04EC0-301F-11D3-BF4B-00C04F79EFBC}") = "ImageEdit", "ImageEdit\ImageEdit.csproj", "{207E836E-7479-4CB9-9EEE-E4761063C687}"
EndProject
Global
	GlobalSection(SolutionConfigurationPlatforms) = preSolution
		Debug|Any CPU = Debug|Any CPU
		Release|Any CPU = Release|Any CPU
	EndGlobalSection
	GlobalSection(ProjectConfigurationPlatforms) = postSolution
		{207E836E-7479-4CB9-9EEE-E4761063C687}.Debug|Any CPU.ActiveCfg = Debug|Any CPU
		{207E836E-7479-4CB9-9EEE-E4761063C687}.Debug|Any CPU.Build.0 = Debug|Any CPU
		{207E836E-7479-4CB9-9EEE-E4761063C687}.Release|Any CPU.ActiveCfg = Release|Any CPU
		{207E836E-7479-4CB9-9EEE-E4761063C687}.Release|Any CPU.Build.0 = Release|Any CPU
	EndGlobalSection
	GlobalSection(SolutionProperties) = preSolution
		HideSolutionNode = FALSE
	EndGlobalSection
EndGlobal
